
Microsoft Visual Studio Solution File, Format Version 12.00
# Visual Studio Version 16
VisualStudioVersion = 16.0.29102.190
MinimumVisualStudioVersion = 10.0.40219.1
Project("{9A19103F-16F7-4668-BE54-9A1E7A4F7556}") = "TeensySharp", "TeensySharp\TeensySharp.csproj", "{C7CB6E1B-7902-47FA-B2FD-63EA0519AF3F}"
EndProject
Project("{2150E333-8FDC-42A3-9474-1A3956D46DE8}") = "Examples", "Examples", "{FFFF08DC-3150-47F9-8016-0CF24B484076}"
EndProject
Project("{9A19103F-16F7-4668-BE54-9A1E7A4F7556}") = "TeensyIFaceTester", "Examples\04_TeensyIFaceTester\TeensyIFaceTester.csproj", "{D43F33CC-DCF0-452B-833D-D4785528AFA3}"
	ProjectSection(ProjectDependencies) = postProject
		{C7CB6E1B-7902-47FA-B2FD-63EA0519AF3F} = {C7CB6E1B-7902-47FA-B2FD-63EA0519AF3F}
	EndProjectSection
EndProject
Project("{9A19103F-16F7-4668-BE54-9A1E7A4F7556}") = "TemperatureReader", "Examples\TemperatureReader\TemperatureReader.csproj", "{BFAC91D0-4DC6-41A8-B063-358AAEC1FF56}"
	ProjectSection(ProjectDependencies) = postProject
		{C7CB6E1B-7902-47FA-B2FD-63EA0519AF3F} = {C7CB6E1B-7902-47FA-B2FD-63EA0519AF3F}
	EndProjectSection
EndProject
Project("{9A19103F-16F7-4668-BE54-9A1E7A4F7556}") = "Print&Watch", "Examples\Print&Watch\Print&Watch.csproj", "{B8817070-E10D-4B22-AA9C-5624425CA743}"
EndProject
Project("{9A19103F-16F7-4668-BE54-9A1E7A4F7556}") = "WinForms Test", "Examples\WinForms Test\WinForms Test.csproj", "{50ED1453-AC65-4F03-8516-B56F1F36F280}"
EndProject
Project("{FAE04EC0-301F-11D3-BF4B-00C04F79EFBC}") = "Firmware Upload Console", "Examples\Firmware Upload Console\Firmware Upload Console.csproj", "{8031540F-07FD-4C91-8FBB-7EB9BBB2B163}"
EndProject
Global
	GlobalSection(SolutionConfigurationPlatforms) = preSolution
		Debug|Any CPU = Debug|Any CPU
		Release|Any CPU = Release|Any CPU
	EndGlobalSection
	GlobalSection(ProjectConfigurationPlatforms) = postSolution
		{C7CB6E1B-7902-47FA-B2FD-63EA0519AF3F}.Debug|Any CPU.ActiveCfg = Debug|Any CPU
		{C7CB6E1B-7902-47FA-B2FD-63EA0519AF3F}.Debug|Any CPU.Build.0 = Debug|Any CPU
		{C7CB6E1B-7902-47FA-B2FD-63EA0519AF3F}.Release|Any CPU.ActiveCfg = Release|Any CPU
		{C7CB6E1B-7902-47FA-B2FD-63EA0519AF3F}.Release|Any CPU.Build.0 = Release|Any CPU
		{D43F33CC-DCF0-452B-833D-D4785528AFA3}.Debug|Any CPU.ActiveCfg = Debug|Any CPU
		{D43F33CC-DCF0-452B-833D-D4785528AFA3}.Debug|Any CPU.Build.0 = Debug|Any CPU
		{D43F33CC-DCF0-452B-833D-D4785528AFA3}.Release|Any CPU.ActiveCfg = Release|Any CPU
		{D43F33CC-DCF0-452B-833D-D4785528AFA3}.Release|Any CPU.Build.0 = Release|Any CPU
		{BFAC91D0-4DC6-41A8-B063-358AAEC1FF56}.Debug|Any CPU.ActiveCfg = Debug|Any CPU
		{BFAC91D0-4DC6-41A8-B063-358AAEC1FF56}.Debug|Any CPU.Build.0 = Debug|Any CPU
		{BFAC91D0-4DC6-41A8-B063-358AAEC1FF56}.Release|Any CPU.ActiveCfg = Release|Any CPU
		{BFAC91D0-4DC6-41A8-B063-358AAEC1FF56}.Release|Any CPU.Build.0 = Release|Any CPU
		{B8817070-E10D-4B22-AA9C-5624425CA743}.Debug|Any CPU.ActiveCfg = Debug|Any CPU
		{B8817070-E10D-4B22-AA9C-5624425CA743}.Debug|Any CPU.Build.0 = Debug|Any CPU
		{B8817070-E10D-4B22-AA9C-5624425CA743}.Release|Any CPU.ActiveCfg = Release|Any CPU
		{B8817070-E10D-4B22-AA9C-5624425CA743}.Release|Any CPU.Build.0 = Release|Any CPU
		{50ED1453-AC65-4F03-8516-B56F1F36F280}.Debug|Any CPU.ActiveCfg = Debug|Any CPU
		{50ED1453-AC65-4F03-8516-B56F1F36F280}.Debug|Any CPU.Build.0 = Debug|Any CPU
		{50ED1453-AC65-4F03-8516-B56F1F36F280}.Release|Any CPU.ActiveCfg = Release|Any CPU
		{50ED1453-AC65-4F03-8516-B56F1F36F280}.Release|Any CPU.Build.0 = Release|Any CPU
		{8031540F-07FD-4C91-8FBB-7EB9BBB2B163}.Debug|Any CPU.ActiveCfg = Debug|Any CPU
		{8031540F-07FD-4C91-8FBB-7EB9BBB2B163}.Debug|Any CPU.Build.0 = Debug|Any CPU
		{8031540F-07FD-4C91-8FBB-7EB9BBB2B163}.Release|Any CPU.ActiveCfg = Release|Any CPU
		{8031540F-07FD-4C91-8FBB-7EB9BBB2B163}.Release|Any CPU.Build.0 = Release|Any CPU
	EndGlobalSection
	GlobalSection(SolutionProperties) = preSolution
		HideSolutionNode = FALSE
	EndGlobalSection
	GlobalSection(NestedProjects) = preSolution
		{D43F33CC-DCF0-452B-833D-D4785528AFA3} = {FFFF08DC-3150-47F9-8016-0CF24B484076}
		{BFAC91D0-4DC6-41A8-B063-358AAEC1FF56} = {FFFF08DC-3150-47F9-8016-0CF24B484076}
		{B8817070-E10D-4B22-AA9C-5624425CA743} = {FFFF08DC-3150-47F9-8016-0CF24B484076}
		{50ED1453-AC65-4F03-8516-B56F1F36F280} = {FFFF08DC-3150-47F9-8016-0CF24B484076}
		{8031540F-07FD-4C91-8FBB-7EB9BBB2B163} = {FFFF08DC-3150-47F9-8016-0CF24B484076}
	EndGlobalSection
	GlobalSection(ExtensibilityGlobals) = postSolution
		SolutionGuid = {659FE2B3-5714-4395-9A9A-CB2171AA2A7A}
	EndGlobalSection
EndGlobal
